
Microsoft Visual Studio Solution File, Format Version 12.00
# Visual Studio Version 16
VisualStudioVersion = 16.0.30011.22
MinimumVisualStudioVersion = 10.0.40219.1
Project("{FAE04EC0-301F-11D3-BF4B-00C04F79EFBC}") = "Reface.AppStarter.Demos.ScanEntities", "Reface.AppStarter.Demos.ScanEntities\Reface.AppStarter.Demos.ScanEntities.csproj", "{EC23CDE3-DFEE-420A-B419-563E32D5E0A9}"
EndProject
Global
	GlobalSection(SolutionConfigurationPlatforms) = preSolution
		Debug|Any CPU = Debug|Any CPU
		Release|Any CPU = Release|Any CPU
	EndGlobalSection
	GlobalSection(ProjectConfigurationPlatforms) = postSolution
		{EC23CDE3-DFEE-420A-B419-563E32D5E0A9}.Debug|Any CPU.ActiveCfg = Debug|Any CPU
		{EC23CDE3-DFEE-420A-B419-563E32D5E0A9}.Debug|Any CPU.Build.0 = Debug|Any CPU
		{EC23CDE3-DFEE-420A-B419-563E32D5E0A9}.Release|Any CPU.ActiveCfg = Release|Any CPU
		{EC23CDE3-DFEE-420A-B419-563E32D5E0A9}.Release|Any CPU.Build.0 = Release|Any CPU
	EndGlobalSection
	GlobalSection(SolutionProperties) = preSolution
		HideSolutionNode = FALSE
	EndGlobalSection
	GlobalSection(ExtensibilityGlobals) = postSolution
		SolutionGuid = {6A3604F7-E323-450F-8E89-84C3B26B1D30}
	EndGlobalSection
EndGlobal
